{
  "name": "getamountdetails",
  "version": "2.0.0",
  "lockfileVersion": 3,
  "requires": true,
  "packages": {
    "": {
      "name": "getamountdetails",
      "version": "2.0.0",
      "license": "Apache-2.0",
      "dependencies": {
        "crypto-js": "^4.2.0",
        "egoroof-blowfish": "^4.0.1",
        "getamountdetails": "file:"
      },
      "devDependencies": {
        "@types/aws-lambda": "^8.10.92"
      }
    },
    "node_modules/@types/aws-lambda": {
      "version": "8.10.133",
      "resolved": "https://registry.npmjs.org/@types/aws-lambda/-/aws-lambda-8.10.133.tgz",
      "integrity": "sha512-sr852MAL/79rjDelXP6ZuJ6GwOvXIRrFAoC8a+w91mZ5XR71CuzSgo1d0+pG1qgfPhjFgaibu7SWaoC5BA7pyQ==",
      "dev": true
    },
    "node_modules/crypto-js": {
      "version": "4.2.0",
      "resolved": "https://registry.npmjs.org/crypto-js/-/crypto-js-4.2.0.tgz",
      "integrity": "sha512-KALDyEYgpY+Rlob/iriUtjV6d5Eq+Y191A5g4UqLAi8CyGP9N1+FdVbkc1SxKc2r4YAYqG8JzO2KGL+AizD70Q=="
    },
    "node_modules/egoroof-blowfish": {
      "version": "4.0.1",
      "resolved": "https://registry.npmjs.org/egoroof-blowfish/-/egoroof-blowfish-4.0.1.tgz",
      "integrity": "sha512-e2gdfyLZrDvyuHX2NkRPFxEuYCIddp+W3MucqjBw9h9nineZUWynuuqQh+R5sNT9IVopPFBHwcnBYHqTcB1Vdw=="
    },
    "node_modules/getamountdetails": {
      "resolved": "",
      "link": true
    }
  }
}
